<?xml version="1.0" encoding="utf-8"?>
<Project ToolsVersion="4.0" xmlns="http://schemas.microsoft.com/developer/msbuild/2003">
  <ItemGroup>
    <Filter Include="Source Files">
      <UniqueIdentifier>{4f37ea17-1bcf-41d0-89e7-5a59a5bc0a2a}</UniqueIdentifier>
      <Extensions>cpp;c;cxx;rc;def;r;odl;idl;hpj;bat</Extensions>
    </Filter>
    <Filter Include="Header Files">
      <UniqueIdentifier>{a1504f11-9fa8-474c-99f3-d0eb1d7ecce8}</UniqueIdentifier>
      <Extensions>h;hpp;hxx;hm;inl</Extensions>
    </Filter>
    <Filter Include="Resource Files">
      <UniqueIdentifier>{8e1658ee-9a25-4f8f-ab3b-22ef34ad571d}</UniqueIdentifier>
      <Extensions>ico;cur;bmp;dlg;rc2;rct;bin;rgs;gif;jpg;jpeg;jpe</Extensions>
    </Filter>
  </ItemGroup>
  <ItemGroup>
    <ClCompile Include="..\src\iconv\ascii.c">
      <Filter>Source Files</Filter>
    </ClCompile>
    <ClCompile Include="..\src\BarcodeFormat.c">
      <Filter>Source Files</Filter>
    </ClCompile>
    <ClCompile Include="..\src\BitArray.c">
      <Filter>Source Files</Filter>
    </ClCompile>
    <ClCompile Include="..\src\BitMatrix.c">
      <Filter>Source Files</Filter>
    </ClCompile>
    <ClCompile Include="..\src\BitSource.c">
      <Filter>Source Files</Filter>
    </ClCompile>
    <ClCompile Include="..\src\CharacterSetECI.c">
      <Filter>Source Files</Filter>
    </ClCompile>
    <ClCompile Include="..\src\oneD\CodaBarReader.c">
      <Filter>Source Files</Filter>
    </ClCompile>
    <ClCompile Include="..\src\oneD\Code128Reader.c">
      <Filter>Source Files</Filter>
    </ClCompile>
    <ClCompile Include="..\src\oneD\Code39Reader.c">
      <Filter>Source Files</Filter>
    </ClCompile>
    <ClCompile Include="..\src\oneD\Code93Reader.c">
      <Filter>Source Files</Filter>
    </ClCompile>
    <ClCompile Include="..\src\DecodeHints.c">
      <Filter>Source Files</Filter>
    </ClCompile>
    <ClCompile Include="..\src\DetectorResult.c">
      <Filter>Source Files</Filter>
    </ClCompile>
    <ClCompile Include="..\src\DiyMalloc.c">
      <Filter>Source Files</Filter>
    </ClCompile>
    <ClCompile Include="..\src\oneD\EAN13Reader.c">
      <Filter>Source Files</Filter>
    </ClCompile>
    <ClCompile Include="..\src\oneD\EAN8Reader.c">
      <Filter>Source Files</Filter>
    </ClCompile>
    <ClCompile Include="..\src\iconv\Euc_cn.c">
      <Filter>Source Files</Filter>
    </ClCompile>
    <ClCompile Include="..\src\iconv\gb2312.c">
      <Filter>Source Files</Filter>
    </ClCompile>
    <ClCompile Include="..\src\GenericGF.c">
      <Filter>Source Files</Filter>
    </ClCompile>
    <ClCompile Include="..\src\GenericGFPoly.c">
      <Filter>Source Files</Filter>
    </ClCompile>
    <ClCompile Include="..\src\GlobalHistogramBinarizer.c">
      <Filter>Source Files</Filter>
    </ClCompile>
    <ClCompile Include="..\src\GreyscaleLuminanceSource.c">
      <Filter>Source Files</Filter>
    </ClCompile>
    <ClCompile Include="..\src\GridSampler.c">
      <Filter>Source Files</Filter>
    </ClCompile>
    <ClCompile Include="..\src\HybridBinarizer.c">
      <Filter>Source Files</Filter>
    </ClCompile>
    <ClCompile Include="..\src\oneD\ITFReader.c">
      <Filter>Source Files</Filter>
    </ClCompile>
    <ClCompile Include="main.c">
      <Filter>Source Files</Filter>
    </ClCompile>
    <ClCompile Include="..\src\MathUtils.c">
      <Filter>Source Files</Filter>
    </ClCompile>
    <ClCompile Include="..\src\oneD\OneDReader.c">
      <Filter>Source Files</Filter>
    </ClCompile>
    <ClCompile Include="..\src\PerspectiveTransform.c">
      <Filter>Source Files</Filter>
    </ClCompile>
    <ClCompile Include="..\src\QR\QRAlignmentPattern.c">
      <Filter>Source Files</Filter>
    </ClCompile>
    <ClCompile Include="..\src\QR\QRAlignmentPatternFinder.c">
      <Filter>Source Files</Filter>
    </ClCompile>
    <ClCompile Include="..\src\QR\QRBitMatrixParser.c">
      <Filter>Source Files</Filter>
    </ClCompile>
    <ClCompile Include="..\src\QR\QRCodeReader.c">
      <Filter>Source Files</Filter>
    </ClCompile>
    <ClCompile Include="..\src\QR\QRDataBlock.c">
      <Filter>Source Files</Filter>
    </ClCompile>
    <ClCompile Include="..\src\QR\QRDataMask.c">
      <Filter>Source Files</Filter>
    </ClCompile>
    <ClCompile Include="..\src\QR\QRDecode.c">
      <Filter>Source Files</Filter>
    </ClCompile>
    <ClCompile Include="..\src\QR\QRDecodedBitStreamParser.c">
      <Filter>Source Files</Filter>
    </ClCompile>
    <ClCompile Include="..\src\QR\QRDetector.c">
      <Filter>Source Files</Filter>
    </ClCompile>
    <ClCompile Include="..\src\QR\QRErrorCorrectLevel.c">
      <Filter>Source Files</Filter>
    </ClCompile>
    <ClCompile Include="..\src\QR\QRFinderPattern.c">
      <Filter>Source Files</Filter>
    </ClCompile>
    <ClCompile Include="..\src\QR\QRFinderPatternFinder.c">
      <Filter>Source Files</Filter>
    </ClCompile>
    <ClCompile Include="..\src\QR\QRFinderPatternInfo.c">
      <Filter>Source Files</Filter>
    </ClCompile>
    <ClCompile Include="..\src\QR\QRFormatInfo.c">
      <Filter>Source Files</Filter>
    </ClCompile>
    <ClCompile Include="..\src\QR\QRMode.c">
      <Filter>Source Files</Filter>
    </ClCompile>
    <ClCompile Include="..\src\QR\QRVersion.c">
      <Filter>Source Files</Filter>
    </ClCompile>
    <ClCompile Include="..\src\ReedSolomonDecoder.c">
      <Filter>Source Files</Filter>
    </ClCompile>
    <ClCompile Include="..\src\ResultPoint.c">
      <Filter>Source Files</Filter>
    </ClCompile>
    <ClCompile Include="..\src\StringUtils.c">
      <Filter>Source Files</Filter>
    </ClCompile>
    <ClCompile Include="..\src\oneD\UPCAReader.c">
      <Filter>Source Files</Filter>
    </ClCompile>
    <ClCompile Include="..\src\oneD\UPCEANReader.c">
      <Filter>Source Files</Filter>
    </ClCompile>
    <ClCompile Include="..\src\oneD\UPCEReader.c">
      <Filter>Source Files</Filter>
    </ClCompile>
    <ClCompile Include="..\src\iconv\utfswap.c">
      <Filter>Source Files</Filter>
    </ClCompile>
  </ItemGroup>
  <ItemGroup>
    <ClInclude Include="..\src\BarcodeFormat.h">
      <Filter>Header Files</Filter>
    </ClInclude>
    <ClInclude Include="..\src\BaseTypeDef.h">
      <Filter>Header Files</Filter>
    </ClInclude>
    <ClInclude Include="..\src\BitArray.h">
      <Filter>Header Files</Filter>
    </ClInclude>
    <ClInclude Include="..\src\BitMatrix.h">
      <Filter>Header Files</Filter>
    </ClInclude>
    <ClInclude Include="..\src\BitSource.h">
      <Filter>Header Files</Filter>
    </ClInclude>
    <ClInclude Include="..\src\CharacterSetECI.h">
      <Filter>Header Files</Filter>
    </ClInclude>
    <ClInclude Include="..\src\oneD\CodaBarReader.h">
      <Filter>Header Files</Filter>
    </ClInclude>
    <ClInclude Include="..\src\oneD\Code128Reader.h">
      <Filter>Header Files</Filter>
    </ClInclude>
    <ClInclude Include="..\src\oneD\Code39Reader.h">
      <Filter>Header Files</Filter>
    </ClInclude>
    <ClInclude Include="..\src\oneD\Code93Reader.h">
      <Filter>Header Files</Filter>
    </ClInclude>
    <ClInclude Include="..\src\DecodeHints.h">
      <Filter>Header Files</Filter>
    </ClInclude>
    <ClInclude Include="..\src\DetectorResult.h">
      <Filter>Header Files</Filter>
    </ClInclude>
    <ClInclude Include="..\src\DiyMalloc.h">
      <Filter>Header Files</Filter>
    </ClInclude>
    <ClInclude Include="..\src\oneD\EAN13Reader.h">
      <Filter>Header Files</Filter>
    </ClInclude>
    <ClInclude Include="..\src\oneD\EAN8Reader.h">
      <Filter>Header Files</Filter>
    </ClInclude>
    <ClInclude Include="..\src\iconv\gb2312.h">
      <Filter>Header Files</Filter>
    </ClInclude>
    <ClInclude Include="..\src\GenericGF.h">
      <Filter>Header Files</Filter>
    </ClInclude>
    <ClInclude Include="..\src\GenericGFPoly.h">
      <Filter>Header Files</Filter>
    </ClInclude>
    <ClInclude Include="..\src\GlobalHistogramBinarizer.h">
      <Filter>Header Files</Filter>
    </ClInclude>
    <ClInclude Include="..\src\GreyscaleLuminanceSource.h">
      <Filter>Header Files</Filter>
    </ClInclude>
    <ClInclude Include="..\src\GridSampler.h">
      <Filter>Header Files</Filter>
    </ClInclude>
    <ClInclude Include="..\src\HybridBinarizer.h">
      <Filter>Header Files</Filter>
    </ClInclude>
    <ClInclude Include="..\src\oneD\ITFReader.h">
      <Filter>Header Files</Filter>
    </ClInclude>
    <ClInclude Include="..\src\MathUtils.h">
      <Filter>Header Files</Filter>
    </ClInclude>
    <ClInclude Include="..\src\oneD\OneDReader.h">
      <Filter>Header Files</Filter>
    </ClInclude>
    <ClInclude Include="..\src\PerspectiveTransform.h">
      <Filter>Header Files</Filter>
    </ClInclude>
    <ClInclude Include="..\src\QR\QRAlignmentPattern.h">
      <Filter>Header Files</Filter>
    </ClInclude>
    <ClInclude Include="..\src\QR\QRAlignmentPatternFinder.h">
      <Filter>Header Files</Filter>
    </ClInclude>
    <ClInclude Include="..\src\QR\QRBitMatrixParser.h">
      <Filter>Header Files</Filter>
    </ClInclude>
    <ClInclude Include="..\src\QR\QRCodeReader.h">
      <Filter>Header Files</Filter>
    </ClInclude>
    <ClInclude Include="..\src\QR\QRDataBlock.h">
      <Filter>Header Files</Filter>
    </ClInclude>
    <ClInclude Include="..\src\QR\QRDataMask.h">
      <Filter>Header Files</Filter>
    </ClInclude>
    <ClInclude Include="..\src\QR\QRDecode.h">
      <Filter>Header Files</Filter>
    </ClInclude>
    <ClInclude Include="..\src\QR\QRDecodedBitStreamParser.h">
      <Filter>Header Files</Filter>
    </ClInclude>
    <ClInclude Include="..\src\QR\QRDetector.h">
      <Filter>Header Files</Filter>
    </ClInclude>
    <ClInclude Include="..\src\QR\QRErrorCorrectLevel.h">
      <Filter>Header Files</Filter>
    </ClInclude>
    <ClInclude Include="..\src\QR\QRFinderPattern.h">
      <Filter>Header Files</Filter>
    </ClInclude>
    <ClInclude Include="..\src\QR\QRFinderPatternFinder.h">
      <Filter>Header Files</Filter>
    </ClInclude>
    <ClInclude Include="..\src\QR\QRFinderPatternInfo.h">
      <Filter>Header Files</Filter>
    </ClInclude>
    <ClInclude Include="..\src\QR\QRFormatInfo.h">
      <Filter>Header Files</Filter>
    </ClInclude>
    <ClInclude Include="..\src\QR\QRMode.h">
      <Filter>Header Files</Filter>
    </ClInclude>
    <ClInclude Include="..\src\QR\QRVersion.h">
      <Filter>Header Files</Filter>
    </ClInclude>
    <ClInclude Include="..\src\ReedSolomonDecoder.h">
      <Filter>Header Files</Filter>
    </ClInclude>
    <ClInclude Include="..\src\ResultPoint.h">
      <Filter>Header Files</Filter>
    </ClInclude>
    <ClInclude Include="..\src\StringUtils.h">
      <Filter>Header Files</Filter>
    </ClInclude>
    <ClInclude Include="..\src\oneD\UPCAReader.h">
      <Filter>Header Files</Filter>
    </ClInclude>
    <ClInclude Include="..\src\oneD\UPCEANReader.h">
      <Filter>Header Files</Filter>
    </ClInclude>
    <ClInclude Include="..\src\oneD\UPCEReader.h">
      <Filter>Header Files</Filter>
    </ClInclude>
    <ClInclude Include="..\src\iconv\utfswap.h">
      <Filter>Header Files</Filter>
    </ClInclude>
    <ClInclude Include="..\src\iconv\wcmbswap.h">
      <Filter>Header Files</Filter>
    </ClInclude>
  </ItemGroup>
</Project>